{
    "name": "eslint-config-hardcore-fp",
    "version": "4.0.0",
    "lockfileVersion": 1,
    "requires": true,
    "dependencies": {
        "create-eslint-index": {
            "version": "1.0.0",
            "resolved": "https://registry.npmjs.org/create-eslint-index/-/create-eslint-index-1.0.0.tgz",
            "integrity": "sha1-2VQ3LYbVeS/NZ+nyt5GxqxYkEbs=",
            "requires": {
                "lodash.get": "^4.3.0"
            }
        },
        "eslint-ast-utils": {
            "version": "1.0.0",
            "resolved": "https://registry.npmjs.org/eslint-ast-utils/-/eslint-ast-utils-1.0.0.tgz",
            "integrity": "sha1-SsuGoKAY3ghJL5IqBbBZKICUcvQ=",
            "requires": {
                "lodash.get": "^4.4.2"
            }
        },
        "eslint-config-hardcore": {
            "version": "4.0.1",
            "resolved": "https://registry.npmjs.org/eslint-config-hardcore/-/eslint-config-hardcore-4.0.1.tgz",
            "integrity": "sha512-0h1JUjrTOkqVU6osUQJn895OD2irJWCxx2YPgRLn8xIYwiMb/mzz4njMyFQo6jarufeQ2d3h2Zhpswl52hCMlQ==",
            "requires": {
                "eslint-plugin-promise": "^3.8.0"
            }
        },
        "eslint-plugin-fp": {
            "version": "2.3.0",
            "resolved": "https://registry.npmjs.org/eslint-plugin-fp/-/eslint-plugin-fp-2.3.0.tgz",
            "integrity": "sha1-N20qEIcQ6YGYC9w4deO5kg2gSJw=",
            "requires": {
                "create-eslint-index": "^1.0.0",
                "eslint-ast-utils": "^1.0.0",
                "lodash": "^4.13.1",
                "req-all": "^0.1.0"
            }
        },
        "eslint-plugin-promise": {
            "version": "3.8.0",
            "resolved": "https://registry.npmjs.org/eslint-plugin-promise/-/eslint-plugin-promise-3.8.0.tgz",
            "integrity": "sha512-JiFL9UFR15NKpHyGii1ZcvmtIqa3UTwiDAGb8atSffe43qJ3+1czVGN6UtkklpcJ2DVnqvTMzEKRaJdBkAL2aQ=="
        },
        "lodash": {
            "version": "4.17.4",
            "resolved": "https://registry.npmjs.org/lodash/-/lodash-4.17.4.tgz",
            "integrity": "sha1-eCA6TRwyiuHYbcpkYONptX9AVa4="
        },
        "lodash.get": {
            "version": "4.4.2",
            "resolved": "https://registry.npmjs.org/lodash.get/-/lodash.get-4.4.2.tgz",
            "integrity": "sha1-LRd/ZS+jHpObRDjVNBSZ36OCXpk="
        },
        "req-all": {
            "version": "0.1.0",
            "resolved": "https://registry.npmjs.org/req-all/-/req-all-0.1.0.tgz",
            "integrity": "sha1-EwBR4qzligLqy/ydRIV3pzapJzo="
        }
    }
}
