{
    "name": "eslint-config-hardcore-fp",
    "version": "3.1.0",
    "lockfileVersion": 1,
    "requires": true,
    "dependencies": {
        "create-eslint-index": {
            "version": "1.0.0",
            "resolved": "https://registry.npmjs.org/create-eslint-index/-/create-eslint-index-1.0.0.tgz",
            "integrity": "sha1-2VQ3LYbVeS/NZ+nyt5GxqxYkEbs=",
            "requires": {
                "lodash.get": "4.4.2"
            }
        },
        "eslint-ast-utils": {
            "version": "1.0.0",
            "resolved": "https://registry.npmjs.org/eslint-ast-utils/-/eslint-ast-utils-1.0.0.tgz",
            "integrity": "sha1-SsuGoKAY3ghJL5IqBbBZKICUcvQ=",
            "requires": {
                "lodash.get": "4.4.2"
            }
        },
        "eslint-config-hardcore": {
            "version": "3.1.0",
            "resolved": "https://registry.npmjs.org/eslint-config-hardcore/-/eslint-config-hardcore-3.1.0.tgz",
            "integrity": "sha512-COM0EWedvi8o1nZ1zaiSdhUc8TG6OpqZvTi1OSbiNcSkDBsT+UhXEjHqTd1S9zMtTikBRTseKz230j2TMcffxA==",
            "requires": {
                "eslint-plugin-promise": "3.5.0"
            }
        },
        "eslint-plugin-fp": {
            "version": "2.3.0",
            "resolved": "https://registry.npmjs.org/eslint-plugin-fp/-/eslint-plugin-fp-2.3.0.tgz",
            "integrity": "sha1-N20qEIcQ6YGYC9w4deO5kg2gSJw=",
            "requires": {
                "create-eslint-index": "1.0.0",
                "eslint-ast-utils": "1.0.0",
                "lodash": "4.17.4",
                "req-all": "0.1.0"
            }
        },
        "eslint-plugin-promise": {
            "version": "3.5.0",
            "resolved": "https://registry.npmjs.org/eslint-plugin-promise/-/eslint-plugin-promise-3.5.0.tgz",
            "integrity": "sha1-ePu2/+BHIBYnVp6FpsU3OvKmj8o="
        },
        "lodash": {
            "version": "4.17.4",
            "resolved": "https://registry.npmjs.org/lodash/-/lodash-4.17.4.tgz",
            "integrity": "sha1-eCA6TRwyiuHYbcpkYONptX9AVa4="
        },
        "lodash.get": {
            "version": "4.4.2",
            "resolved": "https://registry.npmjs.org/lodash.get/-/lodash.get-4.4.2.tgz",
            "integrity": "sha1-LRd/ZS+jHpObRDjVNBSZ36OCXpk="
        },
        "req-all": {
            "version": "0.1.0",
            "resolved": "https://registry.npmjs.org/req-all/-/req-all-0.1.0.tgz",
            "integrity": "sha1-EwBR4qzligLqy/ydRIV3pzapJzo="
        }
    }
}
