{
    "name": "eslint-config-hardcore-fp",
    "version": "5.0.2",
    "lockfileVersion": 1,
    "requires": true,
    "dependencies": {
        "create-eslint-index": {
            "version": "1.0.0",
            "resolved": "https://registry.npmjs.org/create-eslint-index/-/create-eslint-index-1.0.0.tgz",
            "integrity": "sha1-2VQ3LYbVeS/NZ+nyt5GxqxYkEbs=",
            "requires": {
                "lodash.get": "^4.3.0"
            }
        },
        "eslint-ast-utils": {
            "version": "1.1.0",
            "resolved": "https://registry.npmjs.org/eslint-ast-utils/-/eslint-ast-utils-1.1.0.tgz",
            "integrity": "sha512-otzzTim2/1+lVrlH19EfQQJEhVJSu0zOb9ygb3iapN6UlyaDtyRq4b5U1FuW0v1lRa9Fp/GJyHkSwm6NqABgCA==",
            "requires": {
                "lodash.get": "^4.4.2",
                "lodash.zip": "^4.2.0"
            }
        },
        "eslint-config-hardcore": {
            "version": "5.0.2",
            "resolved": "https://registry.npmjs.org/eslint-config-hardcore/-/eslint-config-hardcore-5.0.2.tgz",
            "integrity": "sha512-wnTZjQZkScsgWBMq327ZcnoIvPNyBU2Oxs3fCAdqlQ+9h02bOmXZ31Ryf0JDOadzT1ER01yaM/6Df250Evhafw==",
            "requires": {
                "eslint-plugin-promise": "^4.0.0",
                "eslint-plugin-security": "^1.4.0"
            }
        },
        "eslint-plugin-fp": {
            "version": "2.3.0",
            "resolved": "https://registry.npmjs.org/eslint-plugin-fp/-/eslint-plugin-fp-2.3.0.tgz",
            "integrity": "sha1-N20qEIcQ6YGYC9w4deO5kg2gSJw=",
            "requires": {
                "create-eslint-index": "^1.0.0",
                "eslint-ast-utils": "^1.0.0",
                "lodash": "^4.13.1",
                "req-all": "^0.1.0"
            }
        },
        "eslint-plugin-promise": {
            "version": "4.0.0",
            "resolved": "https://registry.npmjs.org/eslint-plugin-promise/-/eslint-plugin-promise-4.0.0.tgz",
            "integrity": "sha512-3on8creJifkmNHvT425jCWSuVK0DG0Quf3H75ENZFqvHl6/s2xme8z6bfxww13XwqfELYWKxc/N3AtBXyV1hdg=="
        },
        "eslint-plugin-security": {
            "version": "1.4.0",
            "resolved": "https://registry.npmjs.org/eslint-plugin-security/-/eslint-plugin-security-1.4.0.tgz",
            "integrity": "sha512-xlS7P2PLMXeqfhyf3NpqbvbnW04kN8M9NtmhpR3XGyOvt/vNKS7XPXT5EDbwKW9vCjWH4PpfQvgD/+JgN0VJKA==",
            "requires": {
                "safe-regex": "^1.1.0"
            }
        },
        "lodash": {
            "version": "4.17.10",
            "resolved": "https://registry.npmjs.org/lodash/-/lodash-4.17.10.tgz",
            "integrity": "sha512-UejweD1pDoXu+AD825lWwp4ZGtSwgnpZxb3JDViD7StjQz+Nb/6l093lx4OQ0foGWNRoc19mWy7BzL+UAK2iVg=="
        },
        "lodash.get": {
            "version": "4.4.2",
            "resolved": "https://registry.npmjs.org/lodash.get/-/lodash.get-4.4.2.tgz",
            "integrity": "sha1-LRd/ZS+jHpObRDjVNBSZ36OCXpk="
        },
        "lodash.zip": {
            "version": "4.2.0",
            "resolved": "https://registry.npmjs.org/lodash.zip/-/lodash.zip-4.2.0.tgz",
            "integrity": "sha1-7GZi5IlkCO1KtsVCo5kLcswIACA="
        },
        "req-all": {
            "version": "0.1.0",
            "resolved": "https://registry.npmjs.org/req-all/-/req-all-0.1.0.tgz",
            "integrity": "sha1-EwBR4qzligLqy/ydRIV3pzapJzo="
        },
        "ret": {
            "version": "0.1.15",
            "resolved": "https://registry.npmjs.org/ret/-/ret-0.1.15.tgz",
            "integrity": "sha512-TTlYpa+OL+vMMNG24xSlQGEJ3B/RzEfUlLct7b5G/ytav+wPrplCpVMFuwzXbkecJrb6IYo1iFb0S9v37754mg=="
        },
        "safe-regex": {
            "version": "1.1.0",
            "resolved": "https://registry.npmjs.org/safe-regex/-/safe-regex-1.1.0.tgz",
            "integrity": "sha1-QKNmnzsHfR6UPURinhV91IAjvy4=",
            "requires": {
                "ret": "~0.1.10"
            }
        }
    }
}
